
Microsoft Visual Studio Solution File, Format Version 12.00
# Visual Studio Version 16
VisualStudioVersion = 16.0.30413.136
MinimumVisualStudioVersion = 10.0.40219.1
Project("{FAE04EC0-301F-11D3-BF4B-00C04F79EFBC}") = "DVHextractor", "Assignment7\DVHextractor.csproj", "{57381297-12B3-4B17-8723-9D7AB2E2BA8B}"
EndProject
Global
	GlobalSection(SolutionConfigurationPlatforms) = preSolution
		Debug|Any CPU = Debug|Any CPU
		Release|Any CPU = Release|Any CPU
	EndGlobalSection
	GlobalSection(ProjectConfigurationPlatforms) = postSolution
		{57381297-12B3-4B17-8723-9D7AB2E2BA8B}.Debug|Any CPU.ActiveCfg = Debug|Any CPU
		{57381297-12B3-4B17-8723-9D7AB2E2BA8B}.Debug|Any CPU.Build.0 = Debug|Any CPU
		{57381297-12B3-4B17-8723-9D7AB2E2BA8B}.Release|Any CPU.ActiveCfg = Release|Any CPU
		{57381297-12B3-4B17-8723-9D7AB2E2BA8B}.Release|Any CPU.Build.0 = Release|Any CPU
	EndGlobalSection
	GlobalSection(SolutionProperties) = preSolution
		HideSolutionNode = FALSE
	EndGlobalSection
	GlobalSection(ExtensibilityGlobals) = postSolution
		SolutionGuid = {475A6BB5-3FBF-4002-978D-36AFE01EC8D2}
	EndGlobalSection
EndGlobal
